
Microsoft Visual Studio Solution File, Format Version 12.00
# Visual Studio Version 16
VisualStudioVersion = 16.0.30011.22
MinimumVisualStudioVersion = 10.0.40219.1
Project("{FAE04EC0-301F-11D3-BF4B-00C04F79EFBC}") = "Schlupy.WebAPI", "Schlupy.WebAPI\Schlupy.WebAPI.csproj", "{71E64F65-8322-4FB7-B94F-65550166DB82}"
EndProject
Global
	GlobalSection(SolutionConfigurationPlatforms) = preSolution
		Debug|Any CPU = Debug|Any CPU
		Release|Any CPU = Release|Any CPU
	EndGlobalSection
	GlobalSection(ProjectConfigurationPlatforms) = postSolution
		{71E64F65-8322-4FB7-B94F-65550166DB82}.Debug|Any CPU.ActiveCfg = Debug|Any CPU
		{71E64F65-8322-4FB7-B94F-65550166DB82}.Debug|Any CPU.Build.0 = Debug|Any CPU
		{71E64F65-8322-4FB7-B94F-65550166DB82}.Release|Any CPU.ActiveCfg = Release|Any CPU
		{71E64F65-8322-4FB7-B94F-65550166DB82}.Release|Any CPU.Build.0 = Release|Any CPU
	EndGlobalSection
	GlobalSection(SolutionProperties) = preSolution
		HideSolutionNode = FALSE
	EndGlobalSection
	GlobalSection(ExtensibilityGlobals) = postSolution
		SolutionGuid = {DA4EEE19-AD5F-4481-8F4D-5F7F8F7FA908}
	EndGlobalSection
EndGlobal
